
Microsoft Visual Studio Solution File, Format Version 12.00
# Visual Studio 15
VisualStudioVersion = 15.0.27703.2042
MinimumVisualStudioVersion = 10.0.40219.1
Project("{9A19103F-16F7-4668-BE54-9A1E7A4F7556}") = "MyComparer.Hashers.MD5s", "MyComparer.Hashers.MD5s\MyComparer.Hashers.MD5s.csproj", "{0DFF8692-A2C4-4BAE-BCD6-AD8D91CAF5CB}"
EndProject
Project("{9A19103F-16F7-4668-BE54-9A1E7A4F7556}") = "MyList", "MyList1\MyList\MyList.csproj", "{F45F0E67-A95D-4551-B9F0-55390199E036}"
EndProject
Project("{9A19103F-16F7-4668-BE54-9A1E7A4F7556}") = "MyList.DAL", "MyList1.DAL\MyList.DAL\MyList.DAL.csproj", "{98872345-B24F-4589-A1B8-71A7DD28B9E9}"
EndProject
Project("{9A19103F-16F7-4668-BE54-9A1E7A4F7556}") = "MyComparer", "MyComparer1\MyComparer\MyComparer.csproj", "{7B5F096B-CA9F-473D-8292-82D6C2084E7B}"
EndProject
Project("{9A19103F-16F7-4668-BE54-9A1E7A4F7556}") = "MyComparer.Hashers", "MyComparer1.Hashers\MyComparer.Hashers\MyComparer.Hashers.csproj", "{58D93912-CCF0-4C9A-B734-96C933E2DA10}"
EndProject
Global
	GlobalSection(SolutionConfigurationPlatforms) = preSolution
		Debug|Any CPU = Debug|Any CPU
		Release|Any CPU = Release|Any CPU
	EndGlobalSection
	GlobalSection(ProjectConfigurationPlatforms) = postSolution
		{0DFF8692-A2C4-4BAE-BCD6-AD8D91CAF5CB}.Debug|Any CPU.ActiveCfg = Debug|Any CPU
		{0DFF8692-A2C4-4BAE-BCD6-AD8D91CAF5CB}.Debug|Any CPU.Build.0 = Debug|Any CPU
		{0DFF8692-A2C4-4BAE-BCD6-AD8D91CAF5CB}.Release|Any CPU.ActiveCfg = Release|Any CPU
		{0DFF8692-A2C4-4BAE-BCD6-AD8D91CAF5CB}.Release|Any CPU.Build.0 = Release|Any CPU
		{F45F0E67-A95D-4551-B9F0-55390199E036}.Debug|Any CPU.ActiveCfg = Debug|Any CPU
		{F45F0E67-A95D-4551-B9F0-55390199E036}.Debug|Any CPU.Build.0 = Debug|Any CPU
		{F45F0E67-A95D-4551-B9F0-55390199E036}.Release|Any CPU.ActiveCfg = Release|Any CPU
		{F45F0E67-A95D-4551-B9F0-55390199E036}.Release|Any CPU.Build.0 = Release|Any CPU
		{98872345-B24F-4589-A1B8-71A7DD28B9E9}.Debug|Any CPU.ActiveCfg = Debug|Any CPU
		{98872345-B24F-4589-A1B8-71A7DD28B9E9}.Debug|Any CPU.Build.0 = Debug|Any CPU
		{98872345-B24F-4589-A1B8-71A7DD28B9E9}.Release|Any CPU.ActiveCfg = Release|Any CPU
		{98872345-B24F-4589-A1B8-71A7DD28B9E9}.Release|Any CPU.Build.0 = Release|Any CPU
		{7B5F096B-CA9F-473D-8292-82D6C2084E7B}.Debug|Any CPU.ActiveCfg = Debug|Any CPU
		{7B5F096B-CA9F-473D-8292-82D6C2084E7B}.Debug|Any CPU.Build.0 = Debug|Any CPU
		{7B5F096B-CA9F-473D-8292-82D6C2084E7B}.Release|Any CPU.ActiveCfg = Release|Any CPU
		{7B5F096B-CA9F-473D-8292-82D6C2084E7B}.Release|Any CPU.Build.0 = Release|Any CPU
		{58D93912-CCF0-4C9A-B734-96C933E2DA10}.Debug|Any CPU.ActiveCfg = Debug|Any CPU
		{58D93912-CCF0-4C9A-B734-96C933E2DA10}.Debug|Any CPU.Build.0 = Debug|Any CPU
		{58D93912-CCF0-4C9A-B734-96C933E2DA10}.Release|Any CPU.ActiveCfg = Release|Any CPU
		{58D93912-CCF0-4C9A-B734-96C933E2DA10}.Release|Any CPU.Build.0 = Release|Any CPU
	EndGlobalSection
	GlobalSection(SolutionProperties) = preSolution
		HideSolutionNode = FALSE
	EndGlobalSection
	GlobalSection(ExtensibilityGlobals) = postSolution
		SolutionGuid = {1283C3E1-509F-41B9-9001-E31F948A1EB6}
	EndGlobalSection
EndGlobal
